
Microsoft Visual Studio Solution File, Format Version 12.00
# Visual Studio Version 16
VisualStudioVersion = 16.0.33920.266
MinimumVisualStudioVersion = 10.0.40219.1
Project("{8BC9CEB8-8B4A-11D0-8D11-00A0C91BC942}") = "Project3", "Project3\Project3.vcxproj", "{66E65466-4FA3-47E4-8981-51952D45DE5F}"
EndProject
Global
	GlobalSection(SolutionConfigurationPlatforms) = preSolution
		Debug|x64 = Debug|x64
		Debug|x86 = Debug|x86
		Release|x64 = Release|x64
		Release|x86 = Release|x86
	EndGlobalSection
	GlobalSection(ProjectConfigurationPlatforms) = postSolution
		{66E65466-4FA3-47E4-8981-51952D45DE5F}.Debug|x64.ActiveCfg = Debug|x64
		{66E65466-4FA3-47E4-8981-51952D45DE5F}.Debug|x64.Build.0 = Debug|x64
		{66E65466-4FA3-47E4-8981-51952D45DE5F}.Debug|x86.ActiveCfg = Debug|Win32
		{66E65466-4FA3-47E4-8981-51952D45DE5F}.Debug|x86.Build.0 = Debug|Win32
		{66E65466-4FA3-47E4-8981-51952D45DE5F}.Release|x64.ActiveCfg = Release|x64
		{66E65466-4FA3-47E4-8981-51952D45DE5F}.Release|x64.Build.0 = Release|x64
		{66E65466-4FA3-47E4-8981-51952D45DE5F}.Release|x86.ActiveCfg = Release|Win32
		{66E65466-4FA3-47E4-8981-51952D45DE5F}.Release|x86.Build.0 = Release|Win32
	EndGlobalSection
	GlobalSection(SolutionProperties) = preSolution
		HideSolutionNode = FALSE
	EndGlobalSection
	GlobalSection(ExtensibilityGlobals) = postSolution
		SolutionGuid = {F99FEB2C-9F8E-4C3E-8A9D-9725AE72C15C}
	EndGlobalSection
EndGlobal
